
Microsoft Visual Studio Solution File, Format Version 12.00
# Visual Studio 15
VisualStudioVersion = 15.0.27703.2026
MinimumVisualStudioVersion = 10.0.40219.1
Project("{FAE04EC0-301F-11D3-BF4B-00C04F79EFBC}") = "MyAutorunsApp", "MyAutorunsApp\MyAutorunsApp.csproj", "{6FA4BFAB-AA5A-42CA-A4E3-2760D5713386}"
EndProject
Project("{FAE04EC0-301F-11D3-BF4B-00C04F79EFBC}") = "autoruninfo", "autoruninfo\autoruninfo.csproj", "{613B49A2-C1C6-4538-9AB3-4FD823DD561B}"
EndProject
Global
	GlobalSection(SolutionConfigurationPlatforms) = preSolution
		Debug|Any CPU = Debug|Any CPU
		Release|Any CPU = Release|Any CPU
	EndGlobalSection
	GlobalSection(ProjectConfigurationPlatforms) = postSolution
		{6FA4BFAB-AA5A-42CA-A4E3-2760D5713386}.Debug|Any CPU.ActiveCfg = Debug|Any CPU
		{6FA4BFAB-AA5A-42CA-A4E3-2760D5713386}.Debug|Any CPU.Build.0 = Debug|Any CPU
		{6FA4BFAB-AA5A-42CA-A4E3-2760D5713386}.Release|Any CPU.ActiveCfg = Release|Any CPU
		{6FA4BFAB-AA5A-42CA-A4E3-2760D5713386}.Release|Any CPU.Build.0 = Release|Any CPU
		{613B49A2-C1C6-4538-9AB3-4FD823DD561B}.Debug|Any CPU.ActiveCfg = Debug|Any CPU
		{613B49A2-C1C6-4538-9AB3-4FD823DD561B}.Debug|Any CPU.Build.0 = Debug|Any CPU
		{613B49A2-C1C6-4538-9AB3-4FD823DD561B}.Release|Any CPU.ActiveCfg = Release|Any CPU
		{613B49A2-C1C6-4538-9AB3-4FD823DD561B}.Release|Any CPU.Build.0 = Release|Any CPU
	EndGlobalSection
	GlobalSection(SolutionProperties) = preSolution
		HideSolutionNode = FALSE
	EndGlobalSection
	GlobalSection(ExtensibilityGlobals) = postSolution
		SolutionGuid = {05C1A18D-DF01-454A-86AF-CBB2715055AE}
	EndGlobalSection
EndGlobal
